github.com/ahmetb/govvv v0.3.0 h1:YGLGwEyiUwHFy5eh/RUhdupbuaCGBYn5T5GWXp+WJB0=
github.com/ahmetb/govvv v0.3.0/go.mod h1:4WRFpdWtc/YtKgPFwa1dr5+9hiRY5uKAL08bOlxOR6s=
github.com/atrico-go/core v1.5.1 h1:rVBa59swadEu/FFb0IsT+fNCo/tyfcx8JqKq4BWrvGg=
github.com/atrico-go/core v1.5.1/go.mod h1:7k8+PvbRWRN08XRdCvEwpd7H6gG52lJzchHMoWHvo5U=
github.com/atrico-go/core v1.6.0 h1:UV4XlHe3KrBCzYg9Tl6OBE3NengAMLhrXw1ocIZTQDQ=
github.com/atrico-go/core v1.6.0/go.mod h1:7k8+PvbRWRN08XRdCvEwpd7H6gG52lJzchHMoWHvo5U=
github.com/atrico-go/testing v1.2.0 h1:k5RVO2BpzvMOfb9AtcVJ7vSw+hqQX3R3ekbu6JQZsWo=
github.com/atrico-go/testing v1.2.0/go.mod h1:WDskdrj70mlBrP5rPaYsC9NIhQdbCE7LpO84JJve2gw=
github.com/iancoleman/strcase v0.1.3 h1:dJBk1m2/qjL1twPLf68JND55vvivMupZ4wIzE8CTdBw=
github.com/iancoleman/strcase v0.1.3/go.mod h1:SK73tn/9oHe+/Y0h39VT4UCxmurVJkR5NA7kMEAOgSE=
github.com/mitchellh/mapstructure v1.4.1 h1:CpVNEelQCZBooIPDn+AR3NpivK/TIKU8bDxdASFVQag=
github.com/mitchellh/mapstructure v1.4.1/go.mod h1:bFUtVrKA4DC2yAKiSyO/QUcy7e+RRV2QTWOzhPopBRo=
